
Microsoft Visual Studio Solution File, Format Version 12.00
# Visual Studio Version 17
VisualStudioVersion = 17.13.35931.197 d17.13
MinimumVisualStudioVersion = 10.0.40219.1
Project("{FAE04EC0-301F-11D3-BF4B-00C04F79EFBC}") = "ProyectoGithub", "ProyectoGithub\ProyectoGithub.csproj", "{92CA549A-A120-45EC-8C0E-4A2CC26F08DD}"
EndProject
Global
	GlobalSection(SolutionConfigurationPlatforms) = preSolution
		Debug|Any CPU = Debug|Any CPU
		Release|Any CPU = Release|Any CPU
	EndGlobalSection
	GlobalSection(ProjectConfigurationPlatforms) = postSolution
		{92CA549A-A120-45EC-8C0E-4A2CC26F08DD}.Debug|Any CPU.ActiveCfg = Debug|Any CPU
		{92CA549A-A120-45EC-8C0E-4A2CC26F08DD}.Debug|Any CPU.Build.0 = Debug|Any CPU
		{92CA549A-A120-45EC-8C0E-4A2CC26F08DD}.Release|Any CPU.ActiveCfg = Release|Any CPU
		{92CA549A-A120-45EC-8C0E-4A2CC26F08DD}.Release|Any CPU.Build.0 = Release|Any CPU
	EndGlobalSection
	GlobalSection(SolutionProperties) = preSolution
		HideSolutionNode = FALSE
	EndGlobalSection
	GlobalSection(ExtensibilityGlobals) = postSolution
		SolutionGuid = {91A3F220-16F8-4548-8D36-EEB08F793C07}
	EndGlobalSection
EndGlobal
